github.com/alexedwards/scs/mysqlstore v0.0.0-20240203174419-a38e822451b6 h1:npjiNTwvsVAwF+ukm1At6RbzCzFAsOInhgZWzaKulkk=
github.com/alexedwards/scs/mysqlstore v0.0.0-20240203174419-a38e822451b6/go.mod h1:p8jK3D80sw1PFrCSdlcJF1O75bp55HqbgDyyCLM0FrE=
github.com/alexedwards/scs/v2 v2.7.0 h1:DY4rqLCM7UIR9iwxFS0++z1NhTzQlKV30aMHkJCDWKw=
github.com/alexedwards/scs/v2 v2.7.0/go.mod h1:ToaROZxyKukJKT/xLcVQAChi5k6+Pn1Gvmdl7h3RRj8=
github.com/amrojjeh/kalam v0.7.3 h1:94JzOIbyqWj5RAelIKJvbmwJOWM5jqYMmCm/ssFbo08=
github.com/amrojjeh/kalam v0.7.3/go.mod h1:jewlKAOZrUc6JsJbBksn/KrtzbjEkI3hAVI7ToHROcs=
github.com/amrojjeh/kalam v0.7.4 h1:Bckkg43CLFWi495JHIQrBnDsWixB9Uq4iUdWi1aGmi4=
github.com/amrojjeh/kalam v0.7.4/go.mod h1:jewlKAOZrUc6JsJbBksn/KrtzbjEkI3hAVI7ToHROcs=
github.com/amrojjeh/kalam v0.7.5 h1:WJUZVJV9bkuEkodhz7fSFG1MVgSmOwk278/pIerk+4g=
github.com/amrojjeh/kalam v0.7.5/go.mod h1:jewlKAOZrUc6JsJbBksn/KrtzbjEkI3hAVI7ToHROcs=
github.com/amrojjeh/kalam v0.7.6-0.20240220223955-cf866b0c5193 h1:sHvZEjAp4pEFO+MXgF1EW24vH4MnduritN5Xt6pifOo=
github.com/amrojjeh/kalam v0.7.6-0.20240220223955-cf866b0c5193/go.mod h1:jewlKAOZrUc6JsJbBksn/KrtzbjEkI3hAVI7ToHROcs=
github.com/amrojjeh/kalam v0.7.6-0.20240220224126-8c359def25f0 h1:5Lwn1Iuc6h8O8PL6+2GnT3cP4IFZDB35gMe70Kr7x+8=
github.com/amrojjeh/kalam v0.7.6-0.20240220224126-8c359def25f0/go.mod h1:jewlKAOZrUc6JsJbBksn/KrtzbjEkI3hAVI7ToHROcs=
github.com/go-sql-driver/mysql v1.7.1 h1:lUIinVbN1DY0xBg0eMOzmmtGoHwWBbvnWubQUrtU8EI=
github.com/go-sql-driver/mysql v1.7.1/go.mod h1:OXbVy3sEdcQ2Doequ6Z5BW6fXNQTmx+9S1MCJN5yJMI=
github.com/google/uuid v1.6.0 h1:NIvaJDMOsjHA8n1jAhLSgzrAzy1Hgr+hNrb57e+94F0=
github.com/google/uuid v1.6.0/go.mod h1:TIyPZe4MgqvfeYDBFedMoGGpEw/LqOeaOT+nhxU+yHo=
github.com/julienschmidt/httprouter v1.3.0 h1:U0609e9tgbseu3rBINet9P48AI/D3oJs4dN7jwJOQ1U=
github.com/julienschmidt/httprouter v1.3.0/go.mod h1:JR6WtHb+2LUe8TCKY3cZOxFyyO8IZAc4RVcycCCAKdM=
github.com/justinas/alice v1.2.0 h1:+MHSA/vccVCF4Uq37S42jwlkvI2Xzl7zTPCN5BnZNVo=
github.com/justinas/alice v1.2.0/go.mod h1:fN5HRH/reO/zrUflLfTN43t3vXvKzvZIENsNEe7i7qA=
github.com/maragudk/gomponents v0.20.2 h1:39FhnBNNCJzqNcD9Hmvp/5xj0otweFoyvVgFG6kXoy0=
github.com/maragudk/gomponents v0.20.2/go.mod h1:nHkNnZL6ODgMBeJhrZjkMHVvNdoYsfmpKB2/hjdQ0Hg=
golang.org/x/crypto v0.19.0 h1:ENy+Az/9Y1vSrlrvBSyna3PITt4tiZLf7sgCjZBX7Wo=
golang.org/x/crypto v0.19.0/go.mod h1:Iy9bg/ha4yyC70EfRS8jz+B6ybOBKMaSxLj6P6oBDfU=
